
Microsoft Visual Studio Solution File, Format Version 12.00
# Visual Studio Version 16
VisualStudioVersion = 16.0.31424.327
MinimumVisualStudioVersion = 10.0.40219.1
Project("{FAE04EC0-301F-11D3-BF4B-00C04F79EFBC}") = "CarDealer.ConsoleUI", "CarDealer.ConsoleUI\CarDealer.ConsoleUI.csproj", "{294125FE-FB4F-4644-A759-FB499FA4BED4}"
EndProject
Project("{FAE04EC0-301F-11D3-BF4B-00C04F79EFBC}") = "CarDealer.DataAccess", "CarDealer.DataAccess\CarDealer.DataAccess.csproj", "{874DF7D2-1647-4487-8E71-52001EB2E51A}"
EndProject
Project("{FAE04EC0-301F-11D3-BF4B-00C04F79EFBC}") = "CarDealer.Entities", "CarDealer.Entities\CarDealer.Entities.csproj", "{FB444F6C-5796-46EA-A906-89B4545F9118}"
EndProject
Project("{FAE04EC0-301F-11D3-BF4B-00C04F79EFBC}") = "CarDealer.Business", "CarDealer.Business\CarDealer.Business.csproj", "{75BE69B6-4F7F-4FDC-8633-2DE359DD9217}"
EndProject
Global
	GlobalSection(SolutionConfigurationPlatforms) = preSolution
		Debug|Any CPU = Debug|Any CPU
		Release|Any CPU = Release|Any CPU
	EndGlobalSection
	GlobalSection(ProjectConfigurationPlatforms) = postSolution
		{294125FE-FB4F-4644-A759-FB499FA4BED4}.Debug|Any CPU.ActiveCfg = Debug|Any CPU
		{294125FE-FB4F-4644-A759-FB499FA4BED4}.Debug|Any CPU.Build.0 = Debug|Any CPU
		{294125FE-FB4F-4644-A759-FB499FA4BED4}.Release|Any CPU.ActiveCfg = Release|Any CPU
		{294125FE-FB4F-4644-A759-FB499FA4BED4}.Release|Any CPU.Build.0 = Release|Any CPU
		{874DF7D2-1647-4487-8E71-52001EB2E51A}.Debug|Any CPU.ActiveCfg = Debug|Any CPU
		{874DF7D2-1647-4487-8E71-52001EB2E51A}.Debug|Any CPU.Build.0 = Debug|Any CPU
		{874DF7D2-1647-4487-8E71-52001EB2E51A}.Release|Any CPU.ActiveCfg = Release|Any CPU
		{874DF7D2-1647-4487-8E71-52001EB2E51A}.Release|Any CPU.Build.0 = Release|Any CPU
		{FB444F6C-5796-46EA-A906-89B4545F9118}.Debug|Any CPU.ActiveCfg = Debug|Any CPU
		{FB444F6C-5796-46EA-A906-89B4545F9118}.Debug|Any CPU.Build.0 = Debug|Any CPU
		{FB444F6C-5796-46EA-A906-89B4545F9118}.Release|Any CPU.ActiveCfg = Release|Any CPU
		{FB444F6C-5796-46EA-A906-89B4545F9118}.Release|Any CPU.Build.0 = Release|Any CPU
		{75BE69B6-4F7F-4FDC-8633-2DE359DD9217}.Debug|Any CPU.ActiveCfg = Debug|Any CPU
		{75BE69B6-4F7F-4FDC-8633-2DE359DD9217}.Debug|Any CPU.Build.0 = Debug|Any CPU
		{75BE69B6-4F7F-4FDC-8633-2DE359DD9217}.Release|Any CPU.ActiveCfg = Release|Any CPU
		{75BE69B6-4F7F-4FDC-8633-2DE359DD9217}.Release|Any CPU.Build.0 = Release|Any CPU
	EndGlobalSection
	GlobalSection(SolutionProperties) = preSolution
		HideSolutionNode = FALSE
	EndGlobalSection
	GlobalSection(ExtensibilityGlobals) = postSolution
		SolutionGuid = {4E24CC7A-A5A2-4BE7-A6EF-E28C19FB94C2}
	EndGlobalSection
EndGlobal
